<?xml version="1.0" encoding="UTF-8"?>
<Scheme
   LastUpgradeVersion = "1310"
   version = "1.7">
   <BuildAction
      parallelizeBuildables = "YES"
      buildImplicitDependencies = "YES">
      <BuildActionEntries>
         <BuildActionEntry
            buildForTesting = "YES"
            buildForRunning = "YES"
            buildForProfiling = "YES"
            buildForArchiving = "YES"
            buildForAnalyzing = "YES">
            <BuildableReference
               BuildableIdentifier = "primary"
               BlueprintIdentifier = "CD10FCA1266C90CB00A84E66"
               BuildableName = "EDNLearnMac.framework"
               BlueprintName = "EDNLearnMac"
               ReferencedContainer = "container:EDNLearn.xcodeproj">
            </BuildableReference>
         </BuildActionEntry>
         <BuildActionEntry
            buildForTesting = "YES"
            buildForRunning = "NO"
            buildForProfiling = "NO"
            buildForArchiving = "NO"
            buildForAnalyzing = "NO">
            <BuildableReference
               BuildableIdentifier = "primary"
               BlueprintIdentifier = "CD6907232685AA9E001E9E4D"
               BuildableName = "EDNLearnAPIEndToEndTests.xctest"
               BlueprintName = "EDNLearnAPIEndToEndTests"
               ReferencedContainer = "container:EDNLearn.xcodeproj">
            </BuildableReference>
         </BuildActionEntry>
         <BuildActionEntry
            buildForTesting = "YES"
            buildForRunning = "NO"
            buildForProfiling = "NO"
            buildForArchiving = "NO"
            buildForAnalyzing = "NO">
            <BuildableReference
               BuildableIdentifier = "primary"
               BlueprintIdentifier = "CD10FCA9266C90CC00A84E66"
               BuildableName = "EDNLearnMacTests.xctest"
               BlueprintName = "EDNLearnMacTests"
               ReferencedContainer = "container:EDNLearn.xcodeproj">
            </BuildableReference>
         </BuildActionEntry>
         <BuildActionEntry
            buildForTesting = "YES"
            buildForRunning = "YES"
            buildForProfiling = "YES"
            buildForArchiving = "YES"
            buildForAnalyzing = "NO">
            <BuildableReference
               BuildableIdentifier = "primary"
               BlueprintIdentifier = "CD0FCF3A26D7787000398364"
               BuildableName = "EDNLearnCacheIntegrationTests.xctest"
               BlueprintName = "EDNLearnCacheIntegrationTests"
               ReferencedContainer = "container:EDNLearn.xcodeproj">
            </BuildableReference>
         </BuildActionEntry>
      </BuildActionEntries>
   </BuildAction>
   <TestAction
      buildConfiguration = "Debug"
      selectedDebuggerIdentifier = "Xcode.DebuggerFoundation.Debugger.LLDB"
      selectedLauncherIdentifier = "Xcode.DebuggerFoundation.Launcher.LLDB"
      shouldUseLaunchSchemeArgsEnv = "YES"
      codeCoverageEnabled = "YES"
      onlyGenerateCoverageForSpecifiedTargets = "YES">
      <CodeCoverageTargets>
         <BuildableReference
            BuildableIdentifier = "primary"
            BlueprintIdentifier = "CD10FCA1266C90CB00A84E66"
            BuildableName = "EDNLearnMac.framework"
            BlueprintName = "EDNLearnMac"
            ReferencedContainer = "container:EDNLearn.xcodeproj">
         </BuildableReference>
         <BuildableReference
            BuildableIdentifier = "primary"
            BlueprintIdentifier = "CD72557726E8977E00C5CD3E"
            BuildableName = "EssentialFeediOS.framework"
            BlueprintName = "EssentialFeediOS"
            ReferencedContainer = "container:EDNLearn.xcodeproj">
         </BuildableReference>
      </CodeCoverageTargets>
      <Testables>
         <TestableReference
            skipped = "NO"
            parallelizable = "YES"
            testExecutionOrdering = "random">
            <BuildableReference
               BuildableIdentifier = "primary"
               BlueprintIdentifier = "CD10FCA9266C90CC00A84E66"
               BuildableName = "EDNLearnMacTests.xctest"
               BlueprintName = "EDNLearnMacTests"
               ReferencedContainer = "container:EDNLearn.xcodeproj">
            </BuildableReference>
            <LocationScenarioReference
               identifier = "com.apple.dt.IDEFoundation.CurrentLocationScenarioIdentifier"
               referenceType = "1">
            </LocationScenarioReference>
         </TestableReference>
         <TestableReference
            skipped = "NO"
            parallelizable = "YES"
            testExecutionOrdering = "random">
            <BuildableReference
               BuildableIdentifier = "primary"
               BlueprintIdentifier = "CD6907232685AA9E001E9E4D"
               BuildableName = "EDNLearnAPIEndToEndTests.xctest"
               BlueprintName = "EDNLearnAPIEndToEndTests"
               ReferencedContainer = "container:EDNLearn.xcodeproj">
            </BuildableReference>
         </TestableReference>
         <TestableReference
            skipped = "NO"
            parallelizable = "YES"
            testExecutionOrdering = "random">
            <BuildableReference
               BuildableIdentifier = "primary"
               BlueprintIdentifier = "CD0FCF3A26D7787000398364"
               BuildableName = "EDNLearnCacheIntegrationTests.xctest"
               BlueprintName = "EDNLearnCacheIntegrationTests"
               ReferencedContainer = "container:EDNLearn.xcodeproj">
            </BuildableReference>
         </TestableReference>
         <TestableReference
            skipped = "NO"
            parallelizable = "YES"
            testExecutionOrdering = "random">
            <BuildableReference
               BuildableIdentifier = "primary"
               BlueprintIdentifier = "CD72557F26E8977E00C5CD3E"
               BuildableName = "EssentialFeediOSTests.xctest"
               BlueprintName = "EssentialFeediOSTests"
               ReferencedContainer = "container:EDNLearn.xcodeproj">
            </BuildableReference>
         </TestableReference>
         <TestableReference
            skipped = "NO">
            <BuildableReference
               BuildableIdentifier = "primary"
               BlueprintIdentifier = "CD4E95FE2779A841000632B5"
               BuildableName = "EssentialAppTests.xctest"
               BlueprintName = "EssentialAppTests"
               ReferencedContainer = "container:../EssentialApp/EssentialApp.xcodeproj">
            </BuildableReference>
         </TestableReference>
      </Testables>
   </TestAction>
   <LaunchAction
      buildConfiguration = "Debug"
      selectedDebuggerIdentifier = "Xcode.DebuggerFoundation.Debugger.LLDB"
      selectedLauncherIdentifier = "Xcode.DebuggerFoundation.Launcher.LLDB"
      launchStyle = "0"
      useCustomWorkingDirectory = "NO"
      ignoresPersistentStateOnLaunch = "NO"
      debugDocumentVersioning = "YES"
      debugServiceExtension = "internal"
      allowLocationSimulation = "YES">
   </LaunchAction>
   <ProfileAction
      buildConfiguration = "Release"
      shouldUseLaunchSchemeArgsEnv = "YES"
      savedToolIdentifier = ""
      useCustomWorkingDirectory = "NO"
      debugDocumentVersioning = "YES">
      <MacroExpansion>
         <BuildableReference
            BuildableIdentifier = "primary"
            BlueprintIdentifier = "CD10FCA1266C90CB00A84E66"
            BuildableName = "EDNLearnMac.framework"
            BlueprintName = "EDNLearnMac"
            ReferencedContainer = "container:EDNLearn.xcodeproj">
         </BuildableReference>
      </MacroExpansion>
   </ProfileAction>
   <AnalyzeAction
      buildConfiguration = "Debug">
   </AnalyzeAction>
   <ArchiveAction
      buildConfiguration = "Release"
      revealArchiveInOrganizer = "YES">
   </ArchiveAction>
</Scheme>
