// !$*UTF8*$!
{
	archiveVersion = 1;
	classes = {
	};
	objectVersion = 55;
	objects = {

/* Begin PBXBuildFile section */
		CD120EAE27831441006AE564 /* FeedLoaderWithFallbackComposite.swift in Sources */ = {isa = PBXBuildFile; fileRef = CD120EAD27831441006AE564 /* FeedLoaderWithFallbackComposite.swift */; };
		CD120EB0278315E2006AE564 /* FeedImageDataLoaderWithFallbackComposite.swift in Sources */ = {isa = PBXBuildFile; fileRef = CD120EAF278315E2006AE564 /* FeedImageDataLoaderWithFallbackComposite.swift */; };
		CD120EB227842015006AE564 /* FeedImageDataLoaderWithFallbackComposite.swift in Sources */ = {isa = PBXBuildFile; fileRef = CD120EB127842015006AE564 /* FeedImageDataLoaderWithFallbackComposite.swift */; };
		CD120EB527842108006AE564 /* XCTestCase+MemoryTracking.swift in Sources */ = {isa = PBXBuildFile; fileRef = CD120EB427842108006AE564 /* XCTestCase+MemoryTracking.swift */; };
		CD120EB7278421A9006AE564 /* SharedTestHelpers.swift in Sources */ = {isa = PBXBuildFile; fileRef = CD120EB6278421A9006AE564 /* SharedTestHelpers.swift */; };
		CD4E95B227799703000632B5 /* AppDelegate.swift in Sources */ = {isa = PBXBuildFile; fileRef = CD4E95B127799703000632B5 /* AppDelegate.swift */; };
		CD4E95B427799703000632B5 /* SceneDelegate.swift in Sources */ = {isa = PBXBuildFile; fileRef = CD4E95B327799703000632B5 /* SceneDelegate.swift */; };
		CD4E95B627799703000632B5 /* ViewController.swift in Sources */ = {isa = PBXBuildFile; fileRef = CD4E95B527799703000632B5 /* ViewController.swift */; };
		CD4E95B927799703000632B5 /* Main.storyboard in Resources */ = {isa = PBXBuildFile; fileRef = CD4E95B727799703000632B5 /* Main.storyboard */; };
		CD4E95BB27799708000632B5 /* Assets.xcassets in Resources */ = {isa = PBXBuildFile; fileRef = CD4E95BA27799708000632B5 /* Assets.xcassets */; };
		CD4E95BE27799708000632B5 /* LaunchScreen.storyboard in Resources */ = {isa = PBXBuildFile; fileRef = CD4E95BC27799708000632B5 /* LaunchScreen.storyboard */; };
		CD4E95E427799924000632B5 /* EDNLearnMac.framework in Frameworks */ = {isa = PBXBuildFile; fileRef = CD4E95E227799924000632B5 /* EDNLearnMac.framework */; };
		CD4E95E527799924000632B5 /* EDNLearnMac.framework in Embed Frameworks */ = {isa = PBXBuildFile; fileRef = CD4E95E227799924000632B5 /* EDNLearnMac.framework */; settings = {ATTRIBUTES = (CodeSignOnCopy, RemoveHeadersOnCopy, ); }; };
		CD4E95E627799924000632B5 /* EssentialFeediOS.framework in Frameworks */ = {isa = PBXBuildFile; fileRef = CD4E95E327799924000632B5 /* EssentialFeediOS.framework */; };
		CD4E95E727799924000632B5 /* EssentialFeediOS.framework in Embed Frameworks */ = {isa = PBXBuildFile; fileRef = CD4E95E327799924000632B5 /* EssentialFeediOS.framework */; settings = {ATTRIBUTES = (CodeSignOnCopy, RemoveHeadersOnCopy, ); }; };
		CD4E96082779A8FE000632B5 /* FeedLoaderWithFallbackCompositeTests.swift in Sources */ = {isa = PBXBuildFile; fileRef = CD4E95F92779A75B000632B5 /* FeedLoaderWithFallbackCompositeTests.swift */; };
/* End PBXBuildFile section */

/* Begin PBXContainerItemProxy section */
		CD4E96032779A842000632B5 /* PBXContainerItemProxy */ = {
			isa = PBXContainerItemProxy;
			containerPortal = CD4E95A627799703000632B5 /* Project object */;
			proxyType = 1;
			remoteGlobalIDString = CD4E95AD27799703000632B5;
			remoteInfo = EssentialApp;
		};
/* End PBXContainerItemProxy section */

/* Begin PBXCopyFilesBuildPhase section */
		CD4E95E827799924000632B5 /* Embed Frameworks */ = {
			isa = PBXCopyFilesBuildPhase;
			buildActionMask = 2147483647;
			dstPath = "";
			dstSubfolderSpec = 10;
			files = (
				CD4E95E527799924000632B5 /* EDNLearnMac.framework in Embed Frameworks */,
				CD4E95E727799924000632B5 /* EssentialFeediOS.framework in Embed Frameworks */,
			);
			name = "Embed Frameworks";
			runOnlyForDeploymentPostprocessing = 0;
		};
/* End PBXCopyFilesBuildPhase section */

/* Begin PBXFileReference section */
		CD120EAD27831441006AE564 /* FeedLoaderWithFallbackComposite.swift */ = {isa = PBXFileReference; lastKnownFileType = sourcecode.swift; path = FeedLoaderWithFallbackComposite.swift; sourceTree = "<group>"; };
		CD120EAF278315E2006AE564 /* FeedImageDataLoaderWithFallbackComposite.swift */ = {isa = PBXFileReference; lastKnownFileType = sourcecode.swift; path = FeedImageDataLoaderWithFallbackComposite.swift; sourceTree = "<group>"; };
		CD120EB127842015006AE564 /* FeedImageDataLoaderWithFallbackComposite.swift */ = {isa = PBXFileReference; lastKnownFileType = sourcecode.swift; path = FeedImageDataLoaderWithFallbackComposite.swift; sourceTree = "<group>"; };
		CD120EB427842108006AE564 /* XCTestCase+MemoryTracking.swift */ = {isa = PBXFileReference; lastKnownFileType = sourcecode.swift; path = "XCTestCase+MemoryTracking.swift"; sourceTree = "<group>"; };
		CD120EB6278421A9006AE564 /* SharedTestHelpers.swift */ = {isa = PBXFileReference; lastKnownFileType = sourcecode.swift; path = SharedTestHelpers.swift; sourceTree = "<group>"; };
		CD4E95AE27799703000632B5 /* EssentialApp.app */ = {isa = PBXFileReference; explicitFileType = wrapper.application; includeInIndex = 0; path = EssentialApp.app; sourceTree = BUILT_PRODUCTS_DIR; };
		CD4E95B127799703000632B5 /* AppDelegate.swift */ = {isa = PBXFileReference; lastKnownFileType = sourcecode.swift; path = AppDelegate.swift; sourceTree = "<group>"; };
		CD4E95B327799703000632B5 /* SceneDelegate.swift */ = {isa = PBXFileReference; lastKnownFileType = sourcecode.swift; path = SceneDelegate.swift; sourceTree = "<group>"; };
		CD4E95B527799703000632B5 /* ViewController.swift */ = {isa = PBXFileReference; lastKnownFileType = sourcecode.swift; path = ViewController.swift; sourceTree = "<group>"; };
		CD4E95B827799703000632B5 /* Base */ = {isa = PBXFileReference; lastKnownFileType = file.storyboard; name = Base; path = Base.lproj/Main.storyboard; sourceTree = "<group>"; };
		CD4E95BA27799708000632B5 /* Assets.xcassets */ = {isa = PBXFileReference; lastKnownFileType = folder.assetcatalog; path = Assets.xcassets; sourceTree = "<group>"; };
		CD4E95BD27799708000632B5 /* Base */ = {isa = PBXFileReference; lastKnownFileType = file.storyboard; name = Base; path = Base.lproj/LaunchScreen.storyboard; sourceTree = "<group>"; };
		CD4E95BF27799708000632B5 /* Info.plist */ = {isa = PBXFileReference; lastKnownFileType = text.plist.xml; path = Info.plist; sourceTree = "<group>"; };
		CD4E95E227799924000632B5 /* EDNLearnMac.framework */ = {isa = PBXFileReference; explicitFileType = wrapper.framework; path = EDNLearnMac.framework; sourceTree = BUILT_PRODUCTS_DIR; };
		CD4E95E327799924000632B5 /* EssentialFeediOS.framework */ = {isa = PBXFileReference; explicitFileType = wrapper.framework; path = EssentialFeediOS.framework; sourceTree = BUILT_PRODUCTS_DIR; };
		CD4E95F92779A75B000632B5 /* FeedLoaderWithFallbackCompositeTests.swift */ = {isa = PBXFileReference; lastKnownFileType = sourcecode.swift; path = FeedLoaderWithFallbackCompositeTests.swift; sourceTree = "<group>"; };
		CD4E95FF2779A841000632B5 /* EssentialAppTests.xctest */ = {isa = PBXFileReference; explicitFileType = wrapper.cfbundle; includeInIndex = 0; path = EssentialAppTests.xctest; sourceTree = BUILT_PRODUCTS_DIR; };
/* End PBXFileReference section */

/* Begin PBXFrameworksBuildPhase section */
		CD4E95AB27799703000632B5 /* Frameworks */ = {
			isa = PBXFrameworksBuildPhase;
			buildActionMask = 2147483647;
			files = (
				CD4E95E427799924000632B5 /* EDNLearnMac.framework in Frameworks */,
				CD4E95E627799924000632B5 /* EssentialFeediOS.framework in Frameworks */,
			);
			runOnlyForDeploymentPostprocessing = 0;
		};
		CD4E95FC2779A841000632B5 /* Frameworks */ = {
			isa = PBXFrameworksBuildPhase;
			buildActionMask = 2147483647;
			files = (
			);
			runOnlyForDeploymentPostprocessing = 0;
		};
/* End PBXFrameworksBuildPhase section */

/* Begin PBXGroup section */
		CD120EB3278420E0006AE564 /* Helpers */ = {
			isa = PBXGroup;
			children = (
				CD120EB427842108006AE564 /* XCTestCase+MemoryTracking.swift */,
				CD120EB6278421A9006AE564 /* SharedTestHelpers.swift */,
			);
			path = Helpers;
			sourceTree = "<group>";
		};
		CD4E95A527799703000632B5 = {
			isa = PBXGroup;
			children = (
				CD4E95B027799703000632B5 /* EssentialApp */,
				CD4E95C727799709000632B5 /* EssentialAppTests */,
				CD4E96002779A841000632B5 /* EssentialAppTests */,
				CD4E95AF27799703000632B5 /* Products */,
				CD4E95E127799924000632B5 /* Frameworks */,
			);
			sourceTree = "<group>";
		};
		CD4E95AF27799703000632B5 /* Products */ = {
			isa = PBXGroup;
			children = (
				CD4E95AE27799703000632B5 /* EssentialApp.app */,
				CD4E95FF2779A841000632B5 /* EssentialAppTests.xctest */,
			);
			name = Products;
			sourceTree = "<group>";
		};
		CD4E95B027799703000632B5 /* EssentialApp */ = {
			isa = PBXGroup;
			children = (
				CD4E95B127799703000632B5 /* AppDelegate.swift */,
				CD4E95B327799703000632B5 /* SceneDelegate.swift */,
				CD4E95B527799703000632B5 /* ViewController.swift */,
				CD120EAD27831441006AE564 /* FeedLoaderWithFallbackComposite.swift */,
				CD120EB127842015006AE564 /* FeedImageDataLoaderWithFallbackComposite.swift */,
				CD4E95B727799703000632B5 /* Main.storyboard */,
				CD4E95BA27799708000632B5 /* Assets.xcassets */,
				CD4E95BC27799708000632B5 /* LaunchScreen.storyboard */,
				CD4E95BF27799708000632B5 /* Info.plist */,
			);
			path = EssentialApp;
			sourceTree = "<group>";
		};
		CD4E95C727799709000632B5 /* EssentialAppTests */ = {
			isa = PBXGroup;
			children = (
				CD120EB3278420E0006AE564 /* Helpers */,
				CD4E95F92779A75B000632B5 /* FeedLoaderWithFallbackCompositeTests.swift */,
				CD120EAF278315E2006AE564 /* FeedImageDataLoaderWithFallbackComposite.swift */,
			);
			path = EssentialAppTests;
			sourceTree = "<group>";
		};
		CD4E95E127799924000632B5 /* Frameworks */ = {
			isa = PBXGroup;
			children = (
				CD4E95E227799924000632B5 /* EDNLearnMac.framework */,
				CD4E95E327799924000632B5 /* EssentialFeediOS.framework */,
			);
			name = Frameworks;
			sourceTree = "<group>";
		};
		CD4E96002779A841000632B5 /* EssentialAppTests */ = {
			isa = PBXGroup;
			children = (
			);
			path = EssentialAppTests;
			sourceTree = "<group>";
		};
/* End PBXGroup section */

/* Begin PBXNativeTarget section */
		CD4E95AD27799703000632B5 /* EssentialApp */ = {
			isa = PBXNativeTarget;
			buildConfigurationList = CD4E95D827799709000632B5 /* Build configuration list for PBXNativeTarget "EssentialApp" */;
			buildPhases = (
				CD4E95AA27799703000632B5 /* Sources */,
				CD4E95AB27799703000632B5 /* Frameworks */,
				CD4E95AC27799703000632B5 /* Resources */,
				CD4E95E827799924000632B5 /* Embed Frameworks */,
			);
			buildRules = (
			);
			dependencies = (
			);
			name = EssentialApp;
			productName = EssentialApp;
			productReference = CD4E95AE27799703000632B5 /* EssentialApp.app */;
			productType = "com.apple.product-type.application";
		};
		CD4E95FE2779A841000632B5 /* EssentialAppTests */ = {
			isa = PBXNativeTarget;
			buildConfigurationList = CD4E96052779A842000632B5 /* Build configuration list for PBXNativeTarget "EssentialAppTests" */;
			buildPhases = (
				CD4E95FB2779A841000632B5 /* Sources */,
				CD4E95FC2779A841000632B5 /* Frameworks */,
				CD4E95FD2779A841000632B5 /* Resources */,
			);
			buildRules = (
			);
			dependencies = (
				CD4E96042779A842000632B5 /* PBXTargetDependency */,
			);
			name = EssentialAppTests;
			productName = EssentialAppTests;
			productReference = CD4E95FF2779A841000632B5 /* EssentialAppTests.xctest */;
			productType = "com.apple.product-type.bundle.unit-test";
		};
/* End PBXNativeTarget section */

/* Begin PBXProject section */
		CD4E95A627799703000632B5 /* Project object */ = {
			isa = PBXProject;
			attributes = {
				BuildIndependentTargetsInParallel = 1;
				LastSwiftUpdateCheck = 1310;
				LastUpgradeCheck = 1310;
				TargetAttributes = {
					CD4E95AD27799703000632B5 = {
						CreatedOnToolsVersion = 13.1;
					};
					CD4E95FE2779A841000632B5 = {
						CreatedOnToolsVersion = 13.1;
						TestTargetID = CD4E95AD27799703000632B5;
					};
				};
			};
			buildConfigurationList = CD4E95A927799703000632B5 /* Build configuration list for PBXProject "EssentialApp" */;
			compatibilityVersion = "Xcode 13.0";
			developmentRegion = en;
			hasScannedForEncodings = 0;
			knownRegions = (
				en,
				Base,
			);
			mainGroup = CD4E95A527799703000632B5;
			productRefGroup = CD4E95AF27799703000632B5 /* Products */;
			projectDirPath = "";
			projectRoot = "";
			targets = (
				CD4E95AD27799703000632B5 /* EssentialApp */,
				CD4E95FE2779A841000632B5 /* EssentialAppTests */,
			);
		};
/* End PBXProject section */

/* Begin PBXResourcesBuildPhase section */
		CD4E95AC27799703000632B5 /* Resources */ = {
			isa = PBXResourcesBuildPhase;
			buildActionMask = 2147483647;
			files = (
				CD4E95BE27799708000632B5 /* LaunchScreen.storyboard in Resources */,
				CD4E95BB27799708000632B5 /* Assets.xcassets in Resources */,
				CD4E95B927799703000632B5 /* Main.storyboard in Resources */,
			);
			runOnlyForDeploymentPostprocessing = 0;
		};
		CD4E95FD2779A841000632B5 /* Resources */ = {
			isa = PBXResourcesBuildPhase;
			buildActionMask = 2147483647;
			files = (
			);
			runOnlyForDeploymentPostprocessing = 0;
		};
/* End PBXResourcesBuildPhase section */

/* Begin PBXSourcesBuildPhase section */
		CD4E95AA27799703000632B5 /* Sources */ = {
			isa = PBXSourcesBuildPhase;
			buildActionMask = 2147483647;
			files = (
				CD4E95B627799703000632B5 /* ViewController.swift in Sources */,
				CD4E95B227799703000632B5 /* AppDelegate.swift in Sources */,
				CD120EAE27831441006AE564 /* FeedLoaderWithFallbackComposite.swift in Sources */,
				CD4E95B427799703000632B5 /* SceneDelegate.swift in Sources */,
				CD120EB227842015006AE564 /* FeedImageDataLoaderWithFallbackComposite.swift in Sources */,
			);
			runOnlyForDeploymentPostprocessing = 0;
		};
		CD4E95FB2779A841000632B5 /* Sources */ = {
			isa = PBXSourcesBuildPhase;
			buildActionMask = 2147483647;
			files = (
				CD120EB7278421A9006AE564 /* SharedTestHelpers.swift in Sources */,
				CD120EB0278315E2006AE564 /* FeedImageDataLoaderWithFallbackComposite.swift in Sources */,
				CD120EB527842108006AE564 /* XCTestCase+MemoryTracking.swift in Sources */,
				CD4E96082779A8FE000632B5 /* FeedLoaderWithFallbackCompositeTests.swift in Sources */,
			);
			runOnlyForDeploymentPostprocessing = 0;
		};
/* End PBXSourcesBuildPhase section */

/* Begin PBXTargetDependency section */
		CD4E96042779A842000632B5 /* PBXTargetDependency */ = {
			isa = PBXTargetDependency;
			target = CD4E95AD27799703000632B5 /* EssentialApp */;
			targetProxy = CD4E96032779A842000632B5 /* PBXContainerItemProxy */;
		};
/* End PBXTargetDependency section */

/* Begin PBXVariantGroup section */
		CD4E95B727799703000632B5 /* Main.storyboard */ = {
			isa = PBXVariantGroup;
			children = (
				CD4E95B827799703000632B5 /* Base */,
			);
			name = Main.storyboard;
			sourceTree = "<group>";
		};
		CD4E95BC27799708000632B5 /* LaunchScreen.storyboard */ = {
			isa = PBXVariantGroup;
			children = (
				CD4E95BD27799708000632B5 /* Base */,
			);
			name = LaunchScreen.storyboard;
			sourceTree = "<group>";
		};
/* End PBXVariantGroup section */

/* Begin XCBuildConfiguration section */
		CD4E95D627799709000632B5 /* Debug */ = {
			isa = XCBuildConfiguration;
			buildSettings = {
				ALWAYS_SEARCH_USER_PATHS = NO;
				CLANG_ANALYZER_NONNULL = YES;
				CLANG_ANALYZER_NUMBER_OBJECT_CONVERSION = YES_AGGRESSIVE;
				CLANG_CXX_LANGUAGE_STANDARD = "gnu++17";
				CLANG_CXX_LIBRARY = "libc++";
				CLANG_ENABLE_MODULES = YES;
				CLANG_ENABLE_OBJC_ARC = YES;
				CLANG_ENABLE_OBJC_WEAK = YES;
				CLANG_WARN_BLOCK_CAPTURE_AUTORELEASING = YES;
				CLANG_WARN_BOOL_CONVERSION = YES;
				CLANG_WARN_COMMA = YES;
				CLANG_WARN_CONSTANT_CONVERSION = YES;
				CLANG_WARN_DEPRECATED_OBJC_IMPLEMENTATIONS = YES;
				CLANG_WARN_DIRECT_OBJC_ISA_USAGE = YES_ERROR;
				CLANG_WARN_DOCUMENTATION_COMMENTS = YES;
				CLANG_WARN_EMPTY_BODY = YES;
				CLANG_WARN_ENUM_CONVERSION = YES;
				CLANG_WARN_INFINITE_RECURSION = YES;
				CLANG_WARN_INT_CONVERSION = YES;
				CLANG_WARN_NON_LITERAL_NULL_CONVERSION = YES;
				CLANG_WARN_OBJC_IMPLICIT_RETAIN_SELF = YES;
				CLANG_WARN_OBJC_LITERAL_CONVERSION = YES;
				CLANG_WARN_OBJC_ROOT_CLASS = YES_ERROR;
				CLANG_WARN_QUOTED_INCLUDE_IN_FRAMEWORK_HEADER = YES;
				CLANG_WARN_RANGE_LOOP_ANALYSIS = YES;
				CLANG_WARN_STRICT_PROTOTYPES = YES;
				CLANG_WARN_SUSPICIOUS_MOVE = YES;
				CLANG_WARN_UNGUARDED_AVAILABILITY = YES_AGGRESSIVE;
				CLANG_WARN_UNREACHABLE_CODE = YES;
				CLANG_WARN__DUPLICATE_METHOD_MATCH = YES;
				COPY_PHASE_STRIP = NO;
				DEBUG_INFORMATION_FORMAT = dwarf;
				ENABLE_STRICT_OBJC_MSGSEND = YES;
				ENABLE_TESTABILITY = YES;
				GCC_C_LANGUAGE_STANDARD = gnu11;
				GCC_DYNAMIC_NO_PIC = NO;
				GCC_NO_COMMON_BLOCKS = YES;
				GCC_OPTIMIZATION_LEVEL = 0;
				GCC_PREPROCESSOR_DEFINITIONS = (
					"DEBUG=1",
					"$(inherited)",
				);
				GCC_WARN_64_TO_32_BIT_CONVERSION = YES;
				GCC_WARN_ABOUT_RETURN_TYPE = YES_ERROR;
				GCC_WARN_UNDECLARED_SELECTOR = YES;
				GCC_WARN_UNINITIALIZED_AUTOS = YES_AGGRESSIVE;
				GCC_WARN_UNUSED_FUNCTION = YES;
				GCC_WARN_UNUSED_VARIABLE = YES;
				IPHONEOS_DEPLOYMENT_TARGET = 14.5;
				MTL_ENABLE_DEBUG_INFO = INCLUDE_SOURCE;
				MTL_FAST_MATH = YES;
				ONLY_ACTIVE_ARCH = YES;
				SDKROOT = iphoneos;
				SWIFT_ACTIVE_COMPILATION_CONDITIONS = DEBUG;
				SWIFT_OPTIMIZATION_LEVEL = "-Onone";
			};
			name = Debug;
		};
		CD4E95D727799709000632B5 /* Release */ = {
			isa = XCBuildConfiguration;
			buildSettings = {
				ALWAYS_SEARCH_USER_PATHS = NO;
				CLANG_ANALYZER_NONNULL = YES;
				CLANG_ANALYZER_NUMBER_OBJECT_CONVERSION = YES_AGGRESSIVE;
				CLANG_CXX_LANGUAGE_STANDARD = "gnu++17";
				CLANG_CXX_LIBRARY = "libc++";
				CLANG_ENABLE_MODULES = YES;
				CLANG_ENABLE_OBJC_ARC = YES;
				CLANG_ENABLE_OBJC_WEAK = YES;
				CLANG_WARN_BLOCK_CAPTURE_AUTORELEASING = YES;
				CLANG_WARN_BOOL_CONVERSION = YES;
				CLANG_WARN_COMMA = YES;
				CLANG_WARN_CONSTANT_CONVERSION = YES;
				CLANG_WARN_DEPRECATED_OBJC_IMPLEMENTATIONS = YES;
				CLANG_WARN_DIRECT_OBJC_ISA_USAGE = YES_ERROR;
				CLANG_WARN_DOCUMENTATION_COMMENTS = YES;
				CLANG_WARN_EMPTY_BODY = YES;
				CLANG_WARN_ENUM_CONVERSION = YES;
				CLANG_WARN_INFINITE_RECURSION = YES;
				CLANG_WARN_INT_CONVERSION = YES;
				CLANG_WARN_NON_LITERAL_NULL_CONVERSION = YES;
				CLANG_WARN_OBJC_IMPLICIT_RETAIN_SELF = YES;
				CLANG_WARN_OBJC_LITERAL_CONVERSION = YES;
				CLANG_WARN_OBJC_ROOT_CLASS = YES_ERROR;
				CLANG_WARN_QUOTED_INCLUDE_IN_FRAMEWORK_HEADER = YES;
				CLANG_WARN_RANGE_LOOP_ANALYSIS = YES;
				CLANG_WARN_STRICT_PROTOTYPES = YES;
				CLANG_WARN_SUSPICIOUS_MOVE = YES;
				CLANG_WARN_UNGUARDED_AVAILABILITY = YES_AGGRESSIVE;
				CLANG_WARN_UNREACHABLE_CODE = YES;
				CLANG_WARN__DUPLICATE_METHOD_MATCH = YES;
				COPY_PHASE_STRIP = NO;
				DEBUG_INFORMATION_FORMAT = "dwarf-with-dsym";
				ENABLE_NS_ASSERTIONS = NO;
				ENABLE_STRICT_OBJC_MSGSEND = YES;
				GCC_C_LANGUAGE_STANDARD = gnu11;
				GCC_NO_COMMON_BLOCKS = YES;
				GCC_WARN_64_TO_32_BIT_CONVERSION = YES;
				GCC_WARN_ABOUT_RETURN_TYPE = YES_ERROR;
				GCC_WARN_UNDECLARED_SELECTOR = YES;
				GCC_WARN_UNINITIALIZED_AUTOS = YES_AGGRESSIVE;
				GCC_WARN_UNUSED_FUNCTION = YES;
				GCC_WARN_UNUSED_VARIABLE = YES;
				IPHONEOS_DEPLOYMENT_TARGET = 14.5;
				MTL_ENABLE_DEBUG_INFO = NO;
				MTL_FAST_MATH = YES;
				SDKROOT = iphoneos;
				SWIFT_COMPILATION_MODE = wholemodule;
				SWIFT_OPTIMIZATION_LEVEL = "-O";
				VALIDATE_PRODUCT = YES;
			};
			name = Release;
		};
		CD4E95D927799709000632B5 /* Debug */ = {
			isa = XCBuildConfiguration;
			buildSettings = {
				ASSETCATALOG_COMPILER_APPICON_NAME = AppIcon;
				ASSETCATALOG_COMPILER_GLOBAL_ACCENT_COLOR_NAME = AccentColor;
				CODE_SIGN_STYLE = Automatic;
				CURRENT_PROJECT_VERSION = 1;
				DEVELOPMENT_TEAM = NT7V746EDB;
				GENERATE_INFOPLIST_FILE = YES;
				INFOPLIST_FILE = EssentialApp/Info.plist;
				INFOPLIST_KEY_UIApplicationSupportsIndirectInputEvents = YES;
				INFOPLIST_KEY_UILaunchStoryboardName = LaunchScreen;
				INFOPLIST_KEY_UIMainStoryboardFile = Main;
				INFOPLIST_KEY_UISupportedInterfaceOrientations = UIInterfaceOrientationPortrait;
				INFOPLIST_KEY_UISupportedInterfaceOrientations_iPad = "UIInterfaceOrientationPortrait UIInterfaceOrientationPortraitUpsideDown UIInterfaceOrientationLandscapeLeft UIInterfaceOrientationLandscapeRight";
				INFOPLIST_KEY_UISupportedInterfaceOrientations_iPhone = "UIInterfaceOrientationPortrait UIInterfaceOrientationLandscapeLeft UIInterfaceOrientationLandscapeRight";
				IPHONEOS_DEPLOYMENT_TARGET = 14.5;
				LD_RUNPATH_SEARCH_PATHS = (
					"$(inherited)",
					"@executable_path/Frameworks",
				);
				MARKETING_VERSION = 1.0;
				PRODUCT_BUNDLE_IDENTIFIER = pm.EssentialApp;
				PRODUCT_NAME = "$(TARGET_NAME)";
				SWIFT_EMIT_LOC_STRINGS = YES;
				SWIFT_PRECOMPILE_BRIDGING_HEADER = NO;
				SWIFT_VERSION = 5.0;
				TARGETED_DEVICE_FAMILY = 1;
			};
			name = Debug;
		};
		CD4E95DA27799709000632B5 /* Release */ = {
			isa = XCBuildConfiguration;
			buildSettings = {
				ASSETCATALOG_COMPILER_APPICON_NAME = AppIcon;
				ASSETCATALOG_COMPILER_GLOBAL_ACCENT_COLOR_NAME = AccentColor;
				CODE_SIGN_STYLE = Automatic;
				CURRENT_PROJECT_VERSION = 1;
				DEVELOPMENT_TEAM = NT7V746EDB;
				GENERATE_INFOPLIST_FILE = YES;
				INFOPLIST_FILE = EssentialApp/Info.plist;
				INFOPLIST_KEY_UIApplicationSupportsIndirectInputEvents = YES;
				INFOPLIST_KEY_UILaunchStoryboardName = LaunchScreen;
				INFOPLIST_KEY_UIMainStoryboardFile = Main;
				INFOPLIST_KEY_UISupportedInterfaceOrientations = UIInterfaceOrientationPortrait;
				INFOPLIST_KEY_UISupportedInterfaceOrientations_iPad = "UIInterfaceOrientationPortrait UIInterfaceOrientationPortraitUpsideDown UIInterfaceOrientationLandscapeLeft UIInterfaceOrientationLandscapeRight";
				INFOPLIST_KEY_UISupportedInterfaceOrientations_iPhone = "UIInterfaceOrientationPortrait UIInterfaceOrientationLandscapeLeft UIInterfaceOrientationLandscapeRight";
				IPHONEOS_DEPLOYMENT_TARGET = 14.5;
				LD_RUNPATH_SEARCH_PATHS = (
					"$(inherited)",
					"@executable_path/Frameworks",
				);
				MARKETING_VERSION = 1.0;
				PRODUCT_BUNDLE_IDENTIFIER = pm.EssentialApp;
				PRODUCT_NAME = "$(TARGET_NAME)";
				SWIFT_EMIT_LOC_STRINGS = YES;
				SWIFT_PRECOMPILE_BRIDGING_HEADER = NO;
				SWIFT_VERSION = 5.0;
				TARGETED_DEVICE_FAMILY = 1;
			};
			name = Release;
		};
		CD4E96062779A842000632B5 /* Debug */ = {
			isa = XCBuildConfiguration;
			buildSettings = {
				BUNDLE_LOADER = "$(TEST_HOST)";
				CODE_SIGN_STYLE = Automatic;
				CURRENT_PROJECT_VERSION = 1;
				DEVELOPMENT_TEAM = NT7V746EDB;
				GENERATE_INFOPLIST_FILE = YES;
				LD_RUNPATH_SEARCH_PATHS = (
					"$(inherited)",
					"@executable_path/Frameworks",
					"@loader_path/Frameworks",
				);
				MARKETING_VERSION = 1.0;
				PRODUCT_BUNDLE_IDENTIFIER = pm.EssentialAppTests;
				PRODUCT_NAME = "$(TARGET_NAME)";
				SWIFT_EMIT_LOC_STRINGS = NO;
				SWIFT_PRECOMPILE_BRIDGING_HEADER = NO;
				SWIFT_VERSION = 5.0;
				TARGETED_DEVICE_FAMILY = "1,2";
				TEST_HOST = "$(BUILT_PRODUCTS_DIR)/EssentialApp.app/EssentialApp";
			};
			name = Debug;
		};
		CD4E96072779A842000632B5 /* Release */ = {
			isa = XCBuildConfiguration;
			buildSettings = {
				BUNDLE_LOADER = "$(TEST_HOST)";
				CODE_SIGN_STYLE = Automatic;
				CURRENT_PROJECT_VERSION = 1;
				DEVELOPMENT_TEAM = NT7V746EDB;
				GENERATE_INFOPLIST_FILE = YES;
				LD_RUNPATH_SEARCH_PATHS = (
					"$(inherited)",
					"@executable_path/Frameworks",
					"@loader_path/Frameworks",
				);
				MARKETING_VERSION = 1.0;
				PRODUCT_BUNDLE_IDENTIFIER = pm.EssentialAppTests;
				PRODUCT_NAME = "$(TARGET_NAME)";
				SWIFT_EMIT_LOC_STRINGS = NO;
				SWIFT_PRECOMPILE_BRIDGING_HEADER = NO;
				SWIFT_VERSION = 5.0;
				TARGETED_DEVICE_FAMILY = "1,2";
				TEST_HOST = "$(BUILT_PRODUCTS_DIR)/EssentialApp.app/EssentialApp";
			};
			name = Release;
		};
/* End XCBuildConfiguration section */

/* Begin XCConfigurationList section */
		CD4E95A927799703000632B5 /* Build configuration list for PBXProject "EssentialApp" */ = {
			isa = XCConfigurationList;
			buildConfigurations = (
				CD4E95D627799709000632B5 /* Debug */,
				CD4E95D727799709000632B5 /* Release */,
			);
			defaultConfigurationIsVisible = 0;
			defaultConfigurationName = Release;
		};
		CD4E95D827799709000632B5 /* Build configuration list for PBXNativeTarget "EssentialApp" */ = {
			isa = XCConfigurationList;
			buildConfigurations = (
				CD4E95D927799709000632B5 /* Debug */,
				CD4E95DA27799709000632B5 /* Release */,
			);
			defaultConfigurationIsVisible = 0;
			defaultConfigurationName = Release;
		};
		CD4E96052779A842000632B5 /* Build configuration list for PBXNativeTarget "EssentialAppTests" */ = {
			isa = XCConfigurationList;
			buildConfigurations = (
				CD4E96062779A842000632B5 /* Debug */,
				CD4E96072779A842000632B5 /* Release */,
			);
			defaultConfigurationIsVisible = 0;
			defaultConfigurationName = Release;
		};
/* End XCConfigurationList section */
	};
	rootObject = CD4E95A627799703000632B5 /* Project object */;
}
